// !$*UTF8*$!
{
	archiveVersion = 1;
	classes = {
	};
	objectVersion = 56;
	objects = {

/* Begin PBXBuildFile section */
		8000084829077FE800119605 /* HomeContextMenuView.swift in Sources */ = {isa = PBXBuildFile; fileRef = 8000084729077FE800119605 /* HomeContextMenuView.swift */; };
		801C018928E505B900F9D6C7 /* ArticleView.swift in Sources */ = {isa = PBXBuildFile; fileRef = 801C018828E505B900F9D6C7 /* ArticleView.swift */; };
		801C018B28E50A5000F9D6C7 /* CategoryView.swift in Sources */ = {isa = PBXBuildFile; fileRef = 801C018A28E50A5000F9D6C7 /* CategoryView.swift */; };
		801C018F28E50F3F00F9D6C7 /* Article.swift in Sources */ = {isa = PBXBuildFile; fileRef = 801C018E28E50F3F00F9D6C7 /* Article.swift */; };
		801C019128E5113800F9D6C7 /* HomeViewModel.swift in Sources */ = {isa = PBXBuildFile; fileRef = 801C019028E5113800F9D6C7 /* HomeViewModel.swift */; };
		801C019428E514E300F9D6C7 /* TorrentFreakClient.swift in Sources */ = {isa = PBXBuildFile; fileRef = 801C019328E514E300F9D6C7 /* TorrentFreakClient.swift */; };
		801C019728E5220400F9D6C7 /* ArticleService.swift in Sources */ = {isa = PBXBuildFile; fileRef = 801C019628E5220400F9D6C7 /* ArticleService.swift */; };
		801C019A28E525A000F9D6C7 /* Fuzi in Frameworks */ = {isa = PBXBuildFile; productRef = 801C019928E525A000F9D6C7 /* Fuzi */; };
		8023A0D629049ABA00F4FFDC /* ArticleVideoView.swift in Sources */ = {isa = PBXBuildFile; fileRef = 8023A0D529049ABA00F4FFDC /* ArticleVideoView.swift */; };
		805127F12903A1F70054F4D9 /* ArticleTable.swift in Sources */ = {isa = PBXBuildFile; fileRef = 805127F02903A1F70054F4D9 /* ArticleTable.swift */; };
		8053DFDF290847390069EFC9 /* ContainerPageView.swift in Sources */ = {isa = PBXBuildFile; fileRef = 8053DFDE290847390069EFC9 /* ContainerPageView.swift */; };
		8053DFE1290847BC0069EFC9 /* SearchPageView.swift in Sources */ = {isa = PBXBuildFile; fileRef = 8053DFE0290847BC0069EFC9 /* SearchPageView.swift */; };
		8053DFE3290895630069EFC9 /* SearchViewModel.swift in Sources */ = {isa = PBXBuildFile; fileRef = 8053DFE2290895630069EFC9 /* SearchViewModel.swift */; };
		8053DFE72909F65E0069EFC9 /* ArticleSearchResult.swift in Sources */ = {isa = PBXBuildFile; fileRef = 8053DFE62909F65E0069EFC9 /* ArticleSearchResult.swift */; };
		8053DFE92909FEAF0069EFC9 /* SavedPageView.swift in Sources */ = {isa = PBXBuildFile; fileRef = 8053DFE82909FEAF0069EFC9 /* SavedPageView.swift */; };
		805424AB28F0FE99005F93D3 /* SDWebImageSwiftUI in Frameworks */ = {isa = PBXBuildFile; productRef = 805424AA28F0FE99005F93D3 /* SDWebImageSwiftUI */; };
		80A8780528E9FD01009BB6BF /* LoadMoreView.swift in Sources */ = {isa = PBXBuildFile; fileRef = 80A8780428E9FD01009BB6BF /* LoadMoreView.swift */; };
		80A8780728EA0240009BB6BF /* ArticlePageView.swift in Sources */ = {isa = PBXBuildFile; fileRef = 80A8780628EA0240009BB6BF /* ArticlePageView.swift */; };
		80A8780A28EA183B009BB6BF /* ArticleTitleView.swift in Sources */ = {isa = PBXBuildFile; fileRef = 80A8780928EA183B009BB6BF /* ArticleTitleView.swift */; };
		80A8780E28EA233A009BB6BF /* ArticleSection.swift in Sources */ = {isa = PBXBuildFile; fileRef = 80A8780D28EA233A009BB6BF /* ArticleSection.swift */; };
		80A8781028EA2641009BB6BF /* ArticleViewModel.swift in Sources */ = {isa = PBXBuildFile; fileRef = 80A8780F28EA2641009BB6BF /* ArticleViewModel.swift */; };
		80A8781228EA2AD9009BB6BF /* ArticleSectionService.swift in Sources */ = {isa = PBXBuildFile; fileRef = 80A8781128EA2AD9009BB6BF /* ArticleSectionService.swift */; };
		80A8781A28EA3EEF009BB6BF /* ArticleExcerptView.swift in Sources */ = {isa = PBXBuildFile; fileRef = 80A8781928EA3EEF009BB6BF /* ArticleExcerptView.swift */; };
		80A8781C28EA3F16009BB6BF /* ArticleContentView.swift in Sources */ = {isa = PBXBuildFile; fileRef = 80A8781B28EA3F16009BB6BF /* ArticleContentView.swift */; };
		80A8781E28EA3F3E009BB6BF /* ArticleSubHeaderView.swift in Sources */ = {isa = PBXBuildFile; fileRef = 80A8781D28EA3F3E009BB6BF /* ArticleSubHeaderView.swift */; };
		80A8782028EA44DF009BB6BF /* ArticleImageView.swift in Sources */ = {isa = PBXBuildFile; fileRef = 80A8781F28EA44DF009BB6BF /* ArticleImageView.swift */; };
		80BC03B92907148100B1164D /* ArticleSectionType.swift in Sources */ = {isa = PBXBuildFile; fileRef = 80BC03B82907148100B1164D /* ArticleSectionType.swift */; };
		80BC23D328EBB0BF002C81C2 /* PlaceHolderData.swift in Sources */ = {isa = PBXBuildFile; fileRef = 80BC23D228EBB0BF002C81C2 /* PlaceHolderData.swift */; };
		80D2875D28E3BCBF006A8013 /* TorrentFreakReaderApp.swift in Sources */ = {isa = PBXBuildFile; fileRef = 80D2875C28E3BCBF006A8013 /* TorrentFreakReaderApp.swift */; };
		80D2875F28E3BCBF006A8013 /* HomePageView.swift in Sources */ = {isa = PBXBuildFile; fileRef = 80D2875E28E3BCBF006A8013 /* HomePageView.swift */; };
		80D2876128E3BCC0006A8013 /* Assets.xcassets in Resources */ = {isa = PBXBuildFile; fileRef = 80D2876028E3BCC0006A8013 /* Assets.xcassets */; };
		80D2876428E3BCC0006A8013 /* Preview Assets.xcassets in Resources */ = {isa = PBXBuildFile; fileRef = 80D2876328E3BCC0006A8013 /* Preview Assets.xcassets */; };
		80D2876E28E3BCC1006A8013 /* TorrentFreak_ReaderTests.swift in Sources */ = {isa = PBXBuildFile; fileRef = 80D2876D28E3BCC1006A8013 /* TorrentFreak_ReaderTests.swift */; };
		80D2877828E3BCC1006A8013 /* TorrentFreak_ReaderUITests.swift in Sources */ = {isa = PBXBuildFile; fileRef = 80D2877728E3BCC1006A8013 /* TorrentFreak_ReaderUITests.swift */; };
		80D2877A28E3BCC1006A8013 /* TorrentFreak_ReaderUITestsLaunchTests.swift in Sources */ = {isa = PBXBuildFile; fileRef = 80D2877928E3BCC1006A8013 /* TorrentFreak_ReaderUITestsLaunchTests.swift */; };
		80D2878C28E3CA38006A8013 /* LeadingArticleView.swift in Sources */ = {isa = PBXBuildFile; fileRef = 80D2878B28E3CA38006A8013 /* LeadingArticleView.swift */; };
		80DF921828F7362800AA847A /* ArticleTableView.swift in Sources */ = {isa = PBXBuildFile; fileRef = 80DF921728F7362800AA847A /* ArticleTableView.swift */; };
		80DF921A28F7438B00AA847A /* ArticleImageDetailView.swift in Sources */ = {isa = PBXBuildFile; fileRef = 80DF921928F7438B00AA847A /* ArticleImageDetailView.swift */; };
		80DF921C28F7472D00AA847A /* ImageDetailPageView.swift in Sources */ = {isa = PBXBuildFile; fileRef = 80DF921B28F7472D00AA847A /* ImageDetailPageView.swift */; };
		80DF921E28F7473F00AA847A /* ImageDetailViewModel.swift in Sources */ = {isa = PBXBuildFile; fileRef = 80DF921D28F7473F00AA847A /* ImageDetailViewModel.swift */; };
/* End PBXBuildFile section */

/* Begin PBXContainerItemProxy section */
		80D2876A28E3BCC1006A8013 /* PBXContainerItemProxy */ = {
			isa = PBXContainerItemProxy;
			containerPortal = 80D2875128E3BCBE006A8013 /* Project object */;
			proxyType = 1;
			remoteGlobalIDString = 80D2875828E3BCBE006A8013;
			remoteInfo = "TorrentFreak Reader";
		};
		80D2877428E3BCC1006A8013 /* PBXContainerItemProxy */ = {
			isa = PBXContainerItemProxy;
			containerPortal = 80D2875128E3BCBE006A8013 /* Project object */;
			proxyType = 1;
			remoteGlobalIDString = 80D2875828E3BCBE006A8013;
			remoteInfo = "TorrentFreak Reader";
		};
/* End PBXContainerItemProxy section */

/* Begin PBXFileReference section */
		8000084729077FE800119605 /* HomeContextMenuView.swift */ = {isa = PBXFileReference; lastKnownFileType = sourcecode.swift; path = HomeContextMenuView.swift; sourceTree = "<group>"; };
		801C018828E505B900F9D6C7 /* ArticleView.swift */ = {isa = PBXFileReference; lastKnownFileType = sourcecode.swift; path = ArticleView.swift; sourceTree = "<group>"; };
		801C018A28E50A5000F9D6C7 /* CategoryView.swift */ = {isa = PBXFileReference; lastKnownFileType = sourcecode.swift; path = CategoryView.swift; sourceTree = "<group>"; };
		801C018E28E50F3F00F9D6C7 /* Article.swift */ = {isa = PBXFileReference; lastKnownFileType = sourcecode.swift; path = Article.swift; sourceTree = "<group>"; };
		801C019028E5113800F9D6C7 /* HomeViewModel.swift */ = {isa = PBXFileReference; lastKnownFileType = sourcecode.swift; path = HomeViewModel.swift; sourceTree = "<group>"; };
		801C019328E514E300F9D6C7 /* TorrentFreakClient.swift */ = {isa = PBXFileReference; lastKnownFileType = sourcecode.swift; path = TorrentFreakClient.swift; sourceTree = "<group>"; };
		801C019628E5220400F9D6C7 /* ArticleService.swift */ = {isa = PBXFileReference; lastKnownFileType = sourcecode.swift; path = ArticleService.swift; sourceTree = "<group>"; };
		8023A0D529049ABA00F4FFDC /* ArticleVideoView.swift */ = {isa = PBXFileReference; lastKnownFileType = sourcecode.swift; path = ArticleVideoView.swift; sourceTree = "<group>"; };
		805127F02903A1F70054F4D9 /* ArticleTable.swift */ = {isa = PBXFileReference; lastKnownFileType = sourcecode.swift; path = ArticleTable.swift; sourceTree = "<group>"; };
		8053DFDE290847390069EFC9 /* ContainerPageView.swift */ = {isa = PBXFileReference; lastKnownFileType = sourcecode.swift; path = ContainerPageView.swift; sourceTree = "<group>"; };
		8053DFE0290847BC0069EFC9 /* SearchPageView.swift */ = {isa = PBXFileReference; lastKnownFileType = sourcecode.swift; path = SearchPageView.swift; sourceTree = "<group>"; };
		8053DFE2290895630069EFC9 /* SearchViewModel.swift */ = {isa = PBXFileReference; lastKnownFileType = sourcecode.swift; path = SearchViewModel.swift; sourceTree = "<group>"; };
		8053DFE62909F65E0069EFC9 /* ArticleSearchResult.swift */ = {isa = PBXFileReference; lastKnownFileType = sourcecode.swift; path = ArticleSearchResult.swift; sourceTree = "<group>"; };
		8053DFE82909FEAF0069EFC9 /* SavedPageView.swift */ = {isa = PBXFileReference; lastKnownFileType = sourcecode.swift; path = SavedPageView.swift; sourceTree = "<group>"; };
		80A8780428E9FD01009BB6BF /* LoadMoreView.swift */ = {isa = PBXFileReference; lastKnownFileType = sourcecode.swift; path = LoadMoreView.swift; sourceTree = "<group>"; };
		80A8780628EA0240009BB6BF /* ArticlePageView.swift */ = {isa = PBXFileReference; lastKnownFileType = sourcecode.swift; path = ArticlePageView.swift; sourceTree = "<group>"; };
		80A8780928EA183B009BB6BF /* ArticleTitleView.swift */ = {isa = PBXFileReference; lastKnownFileType = sourcecode.swift; path = ArticleTitleView.swift; sourceTree = "<group>"; };
		80A8780D28EA233A009BB6BF /* ArticleSection.swift */ = {isa = PBXFileReference; lastKnownFileType = sourcecode.swift; path = ArticleSection.swift; sourceTree = "<group>"; };
		80A8780F28EA2641009BB6BF /* ArticleViewModel.swift */ = {isa = PBXFileReference; lastKnownFileType = sourcecode.swift; path = ArticleViewModel.swift; sourceTree = "<group>"; };
		80A8781128EA2AD9009BB6BF /* ArticleSectionService.swift */ = {isa = PBXFileReference; lastKnownFileType = sourcecode.swift; path = ArticleSectionService.swift; sourceTree = "<group>"; };
		80A8781928EA3EEF009BB6BF /* ArticleExcerptView.swift */ = {isa = PBXFileReference; lastKnownFileType = sourcecode.swift; path = ArticleExcerptView.swift; sourceTree = "<group>"; };
		80A8781B28EA3F16009BB6BF /* ArticleContentView.swift */ = {isa = PBXFileReference; lastKnownFileType = sourcecode.swift; path = ArticleContentView.swift; sourceTree = "<group>"; };
		80A8781D28EA3F3E009BB6BF /* ArticleSubHeaderView.swift */ = {isa = PBXFileReference; lastKnownFileType = sourcecode.swift; path = ArticleSubHeaderView.swift; sourceTree = "<group>"; };
		80A8781F28EA44DF009BB6BF /* ArticleImageView.swift */ = {isa = PBXFileReference; lastKnownFileType = sourcecode.swift; path = ArticleImageView.swift; sourceTree = "<group>"; };
		80BC03B82907148100B1164D /* ArticleSectionType.swift */ = {isa = PBXFileReference; fileEncoding = 4; lastKnownFileType = sourcecode.swift; path = ArticleSectionType.swift; sourceTree = "<group>"; };
		80BC23D228EBB0BF002C81C2 /* PlaceHolderData.swift */ = {isa = PBXFileReference; lastKnownFileType = sourcecode.swift; path = PlaceHolderData.swift; sourceTree = "<group>"; };
		80D2875928E3BCBE006A8013 /* TorrentFreak Reader.app */ = {isa = PBXFileReference; explicitFileType = wrapper.application; includeInIndex = 0; path = "TorrentFreak Reader.app"; sourceTree = BUILT_PRODUCTS_DIR; };
		80D2875C28E3BCBF006A8013 /* TorrentFreakReaderApp.swift */ = {isa = PBXFileReference; lastKnownFileType = sourcecode.swift; path = TorrentFreakReaderApp.swift; sourceTree = "<group>"; };
		80D2875E28E3BCBF006A8013 /* HomePageView.swift */ = {isa = PBXFileReference; lastKnownFileType = sourcecode.swift; path = HomePageView.swift; sourceTree = "<group>"; };
		80D2876028E3BCC0006A8013 /* Assets.xcassets */ = {isa = PBXFileReference; lastKnownFileType = folder.assetcatalog; path = Assets.xcassets; sourceTree = "<group>"; };
		80D2876328E3BCC0006A8013 /* Preview Assets.xcassets */ = {isa = PBXFileReference; lastKnownFileType = folder.assetcatalog; path = "Preview Assets.xcassets"; sourceTree = "<group>"; };
		80D2876928E3BCC1006A8013 /* TorrentFreak ReaderTests.xctest */ = {isa = PBXFileReference; explicitFileType = wrapper.cfbundle; includeInIndex = 0; path = "TorrentFreak ReaderTests.xctest"; sourceTree = BUILT_PRODUCTS_DIR; };
		80D2876D28E3BCC1006A8013 /* TorrentFreak_ReaderTests.swift */ = {isa = PBXFileReference; lastKnownFileType = sourcecode.swift; path = TorrentFreak_ReaderTests.swift; sourceTree = "<group>"; };
		80D2877328E3BCC1006A8013 /* TorrentFreak ReaderUITests.xctest */ = {isa = PBXFileReference; explicitFileType = wrapper.cfbundle; includeInIndex = 0; path = "TorrentFreak ReaderUITests.xctest"; sourceTree = BUILT_PRODUCTS_DIR; };
		80D2877728E3BCC1006A8013 /* TorrentFreak_ReaderUITests.swift */ = {isa = PBXFileReference; lastKnownFileType = sourcecode.swift; path = TorrentFreak_ReaderUITests.swift; sourceTree = "<group>"; };
		80D2877928E3BCC1006A8013 /* TorrentFreak_ReaderUITestsLaunchTests.swift */ = {isa = PBXFileReference; lastKnownFileType = sourcecode.swift; path = TorrentFreak_ReaderUITestsLaunchTests.swift; sourceTree = "<group>"; };
		80D2878B28E3CA38006A8013 /* LeadingArticleView.swift */ = {isa = PBXFileReference; lastKnownFileType = sourcecode.swift; path = LeadingArticleView.swift; sourceTree = "<group>"; };
		80DF921728F7362800AA847A /* ArticleTableView.swift */ = {isa = PBXFileReference; lastKnownFileType = sourcecode.swift; path = ArticleTableView.swift; sourceTree = "<group>"; };
		80DF921928F7438B00AA847A /* ArticleImageDetailView.swift */ = {isa = PBXFileReference; lastKnownFileType = sourcecode.swift; path = ArticleImageDetailView.swift; sourceTree = "<group>"; };
		80DF921B28F7472D00AA847A /* ImageDetailPageView.swift */ = {isa = PBXFileReference; lastKnownFileType = sourcecode.swift; path = ImageDetailPageView.swift; sourceTree = "<group>"; };
		80DF921D28F7473F00AA847A /* ImageDetailViewModel.swift */ = {isa = PBXFileReference; lastKnownFileType = sourcecode.swift; path = ImageDetailViewModel.swift; sourceTree = "<group>"; };
/* End PBXFileReference section */

/* Begin PBXFrameworksBuildPhase section */
		80D2875628E3BCBE006A8013 /* Frameworks */ = {
			isa = PBXFrameworksBuildPhase;
			buildActionMask = 2147483647;
			files = (
				805424AB28F0FE99005F93D3 /* SDWebImageSwiftUI in Frameworks */,
				801C019A28E525A000F9D6C7 /* Fuzi in Frameworks */,
			);
			runOnlyForDeploymentPostprocessing = 0;
		};
		80D2876628E3BCC1006A8013 /* Frameworks */ = {
			isa = PBXFrameworksBuildPhase;
			buildActionMask = 2147483647;
			files = (
			);
			runOnlyForDeploymentPostprocessing = 0;
		};
		80D2877028E3BCC1006A8013 /* Frameworks */ = {
			isa = PBXFrameworksBuildPhase;
			buildActionMask = 2147483647;
			files = (
			);
			runOnlyForDeploymentPostprocessing = 0;
		};
/* End PBXFrameworksBuildPhase section */

/* Begin PBXGroup section */
		8000084629077F1300119605 /* Application */ = {
			isa = PBXGroup;
			children = (
				80D2875C28E3BCBF006A8013 /* TorrentFreakReaderApp.swift */,
			);
			path = Application;
			sourceTree = "<group>";
		};
		801C018C28E50F1000F9D6C7 /* ViewModels */ = {
			isa = PBXGroup;
			children = (
				80A8780F28EA2641009BB6BF /* ArticleViewModel.swift */,
				801C019028E5113800F9D6C7 /* HomeViewModel.swift */,
				80DF921D28F7473F00AA847A /* ImageDetailViewModel.swift */,
				8053DFE2290895630069EFC9 /* SearchViewModel.swift */,
			);
			path = ViewModels;
			sourceTree = "<group>";
		};
		801C018D28E50F1600F9D6C7 /* Models */ = {
			isa = PBXGroup;
			children = (
				801C018E28E50F3F00F9D6C7 /* Article.swift */,
				8053DFE62909F65E0069EFC9 /* ArticleSearchResult.swift */,
				80A8780D28EA233A009BB6BF /* ArticleSection.swift */,
				80BC03B82907148100B1164D /* ArticleSectionType.swift */,
				805127F02903A1F70054F4D9 /* ArticleTable.swift */,
			);
			path = Models;
			sourceTree = "<group>";
		};
		801C019228E514D000F9D6C7 /* Client */ = {
			isa = PBXGroup;
			children = (
				801C019328E514E300F9D6C7 /* TorrentFreakClient.swift */,
			);
			path = Client;
			sourceTree = "<group>";
		};
		801C019528E521F300F9D6C7 /* Service */ = {
			isa = PBXGroup;
			children = (
				80A8781128EA2AD9009BB6BF /* ArticleSectionService.swift */,
				801C019628E5220400F9D6C7 /* ArticleService.swift */,
			);
			path = Service;
			sourceTree = "<group>";
		};
		80A8780828EA1815009BB6BF /* ArticlePage */ = {
			isa = PBXGroup;
			children = (
				80A8781B28EA3F16009BB6BF /* ArticleContentView.swift */,
				80A8781928EA3EEF009BB6BF /* ArticleExcerptView.swift */,
				80DF921928F7438B00AA847A /* ArticleImageDetailView.swift */,
				80A8781F28EA44DF009BB6BF /* ArticleImageView.swift */,
				80A8781D28EA3F3E009BB6BF /* ArticleSubHeaderView.swift */,
				80DF921728F7362800AA847A /* ArticleTableView.swift */,
				80A8780928EA183B009BB6BF /* ArticleTitleView.swift */,
				8023A0D529049ABA00F4FFDC /* ArticleVideoView.swift */,
			);
			path = ArticlePage;
			sourceTree = "<group>";
		};
		80BC23D128EBB0AD002C81C2 /* Placeholder */ = {
			isa = PBXGroup;
			children = (
				80BC23D228EBB0BF002C81C2 /* PlaceHolderData.swift */,
			);
			path = Placeholder;
			sourceTree = "<group>";
		};
		80D2875028E3BCBE006A8013 = {
			isa = PBXGroup;
			children = (
				80D2875B28E3BCBE006A8013 /* TorrentFreak Reader */,
				80D2876C28E3BCC1006A8013 /* TorrentFreak ReaderTests */,
				80D2877628E3BCC1006A8013 /* TorrentFreak ReaderUITests */,
				80D2875A28E3BCBE006A8013 /* Products */,
			);
			sourceTree = "<group>";
		};
		80D2875A28E3BCBE006A8013 /* Products */ = {
			isa = PBXGroup;
			children = (
				80D2875928E3BCBE006A8013 /* TorrentFreak Reader.app */,
				80D2876928E3BCC1006A8013 /* TorrentFreak ReaderTests.xctest */,
				80D2877328E3BCC1006A8013 /* TorrentFreak ReaderUITests.xctest */,
			);
			name = Products;
			sourceTree = "<group>";
		};
		80D2875B28E3BCBE006A8013 /* TorrentFreak Reader */ = {
			isa = PBXGroup;
			children = (
				8000084629077F1300119605 /* Application */,
				80D2876028E3BCC0006A8013 /* Assets.xcassets */,
				801C019228E514D000F9D6C7 /* Client */,
				801C018D28E50F1600F9D6C7 /* Models */,
				80BC23D128EBB0AD002C81C2 /* Placeholder */,
				80D2876228E3BCC0006A8013 /* Preview Content */,
				801C019528E521F300F9D6C7 /* Service */,
				801C018C28E50F1000F9D6C7 /* ViewModels */,
				80D2878628E3C996006A8013 /* Views */,
			);
			path = "TorrentFreak Reader";
			sourceTree = "<group>";
		};
		80D2876228E3BCC0006A8013 /* Preview Content */ = {
			isa = PBXGroup;
			children = (
				80D2876328E3BCC0006A8013 /* Preview Assets.xcassets */,
			);
			path = "Preview Content";
			sourceTree = "<group>";
		};
		80D2876C28E3BCC1006A8013 /* TorrentFreak ReaderTests */ = {
			isa = PBXGroup;
			children = (
				80D2876D28E3BCC1006A8013 /* TorrentFreak_ReaderTests.swift */,
			);
			path = "TorrentFreak ReaderTests";
			sourceTree = "<group>";
		};
		80D2877628E3BCC1006A8013 /* TorrentFreak ReaderUITests */ = {
			isa = PBXGroup;
			children = (
				80D2877728E3BCC1006A8013 /* TorrentFreak_ReaderUITests.swift */,
				80D2877928E3BCC1006A8013 /* TorrentFreak_ReaderUITestsLaunchTests.swift */,
			);
			path = "TorrentFreak ReaderUITests";
			sourceTree = "<group>";
		};
		80D2878628E3C996006A8013 /* Views */ = {
			isa = PBXGroup;
			children = (
				80D2878828E3C9F1006A8013 /* Elements */,
				80D2878728E3C99D006A8013 /* Pages */,
			);
			path = Views;
			sourceTree = "<group>";
		};
		80D2878728E3C99D006A8013 /* Pages */ = {
			isa = PBXGroup;
			children = (
				80A8780628EA0240009BB6BF /* ArticlePageView.swift */,
				8053DFDE290847390069EFC9 /* ContainerPageView.swift */,
				80D2875E28E3BCBF006A8013 /* HomePageView.swift */,
				80DF921B28F7472D00AA847A /* ImageDetailPageView.swift */,
				8053DFE82909FEAF0069EFC9 /* SavedPageView.swift */,
				8053DFE0290847BC0069EFC9 /* SearchPageView.swift */,
			);
			path = Pages;
			sourceTree = "<group>";
		};
		80D2878828E3C9F1006A8013 /* Elements */ = {
			isa = PBXGroup;
			children = (
				80A8780828EA1815009BB6BF /* ArticlePage */,
				80D2878928E3C9FF006A8013 /* HomePage */,
				801C018A28E50A5000F9D6C7 /* CategoryView.swift */,
			);
			path = Elements;
			sourceTree = "<group>";
		};
		80D2878928E3C9FF006A8013 /* HomePage */ = {
			isa = PBXGroup;
			children = (
				801C018828E505B900F9D6C7 /* ArticleView.swift */,
				8000084729077FE800119605 /* HomeContextMenuView.swift */,
				80D2878B28E3CA38006A8013 /* LeadingArticleView.swift */,
				80A8780428E9FD01009BB6BF /* LoadMoreView.swift */,
			);
			path = HomePage;
			sourceTree = "<group>";
		};
/* End PBXGroup section */

/* Begin PBXNativeTarget section */
		80D2875828E3BCBE006A8013 /* TorrentFreak Reader */ = {
			isa = PBXNativeTarget;
			buildConfigurationList = 80D2877D28E3BCC1006A8013 /* Build configuration list for PBXNativeTarget "TorrentFreak Reader" */;
			buildPhases = (
				80D2875528E3BCBE006A8013 /* Sources */,
				80D2875628E3BCBE006A8013 /* Frameworks */,
				80D2875728E3BCBE006A8013 /* Resources */,
			);
			buildRules = (
			);
			dependencies = (
			);
			name = "TorrentFreak Reader";
			packageProductDependencies = (
				801C019928E525A000F9D6C7 /* Fuzi */,
				805424AA28F0FE99005F93D3 /* SDWebImageSwiftUI */,
			);
			productName = "TorrentFreak Reader";
			productReference = 80D2875928E3BCBE006A8013 /* TorrentFreak Reader.app */;
			productType = "com.apple.product-type.application";
		};
		80D2876828E3BCC1006A8013 /* TorrentFreak ReaderTests */ = {
			isa = PBXNativeTarget;
			buildConfigurationList = 80D2878028E3BCC1006A8013 /* Build configuration list for PBXNativeTarget "TorrentFreak ReaderTests" */;
			buildPhases = (
				80D2876528E3BCC1006A8013 /* Sources */,
				80D2876628E3BCC1006A8013 /* Frameworks */,
				80D2876728E3BCC1006A8013 /* Resources */,
			);
			buildRules = (
			);
			dependencies = (
				80D2876B28E3BCC1006A8013 /* PBXTargetDependency */,
			);
			name = "TorrentFreak ReaderTests";
			productName = "TorrentFreak ReaderTests";
			productReference = 80D2876928E3BCC1006A8013 /* TorrentFreak ReaderTests.xctest */;
			productType = "com.apple.product-type.bundle.unit-test";
		};
		80D2877228E3BCC1006A8013 /* TorrentFreak ReaderUITests */ = {
			isa = PBXNativeTarget;
			buildConfigurationList = 80D2878328E3BCC1006A8013 /* Build configuration list for PBXNativeTarget "TorrentFreak ReaderUITests" */;
			buildPhases = (
				80D2876F28E3BCC1006A8013 /* Sources */,
				80D2877028E3BCC1006A8013 /* Frameworks */,
				80D2877128E3BCC1006A8013 /* Resources */,
			);
			buildRules = (
			);
			dependencies = (
				80D2877528E3BCC1006A8013 /* PBXTargetDependency */,
			);
			name = "TorrentFreak ReaderUITests";
			productName = "TorrentFreak ReaderUITests";
			productReference = 80D2877328E3BCC1006A8013 /* TorrentFreak ReaderUITests.xctest */;
			productType = "com.apple.product-type.bundle.ui-testing";
		};
/* End PBXNativeTarget section */

/* Begin PBXProject section */
		80D2875128E3BCBE006A8013 /* Project object */ = {
			isa = PBXProject;
			attributes = {
				BuildIndependentTargetsInParallel = 1;
				LastSwiftUpdateCheck = 1400;
				LastUpgradeCheck = 1400;
				TargetAttributes = {
					80D2875828E3BCBE006A8013 = {
						CreatedOnToolsVersion = 14.0.1;
					};
					80D2876828E3BCC1006A8013 = {
						CreatedOnToolsVersion = 14.0.1;
						TestTargetID = 80D2875828E3BCBE006A8013;
					};
					80D2877228E3BCC1006A8013 = {
						CreatedOnToolsVersion = 14.0.1;
						TestTargetID = 80D2875828E3BCBE006A8013;
					};
				};
			};
			buildConfigurationList = 80D2875428E3BCBE006A8013 /* Build configuration list for PBXProject "TorrentFreak Reader" */;
			compatibilityVersion = "Xcode 14.0";
			developmentRegion = en;
			hasScannedForEncodings = 0;
			knownRegions = (
				en,
				Base,
			);
			mainGroup = 80D2875028E3BCBE006A8013;
			packageReferences = (
				801C019828E525A000F9D6C7 /* XCRemoteSwiftPackageReference "Fuzi" */,
				805424A928F0FE99005F93D3 /* XCRemoteSwiftPackageReference "SDWebImageSwiftUI" */,
			);
			productRefGroup = 80D2875A28E3BCBE006A8013 /* Products */;
			projectDirPath = "";
			projectRoot = "";
			targets = (
				80D2875828E3BCBE006A8013 /* TorrentFreak Reader */,
				80D2876828E3BCC1006A8013 /* TorrentFreak ReaderTests */,
				80D2877228E3BCC1006A8013 /* TorrentFreak ReaderUITests */,
			);
		};
/* End PBXProject section */

/* Begin PBXResourcesBuildPhase section */
		80D2875728E3BCBE006A8013 /* Resources */ = {
			isa = PBXResourcesBuildPhase;
			buildActionMask = 2147483647;
			files = (
				80D2876428E3BCC0006A8013 /* Preview Assets.xcassets in Resources */,
				80D2876128E3BCC0006A8013 /* Assets.xcassets in Resources */,
			);
			runOnlyForDeploymentPostprocessing = 0;
		};
		80D2876728E3BCC1006A8013 /* Resources */ = {
			isa = PBXResourcesBuildPhase;
			buildActionMask = 2147483647;
			files = (
			);
			runOnlyForDeploymentPostprocessing = 0;
		};
		80D2877128E3BCC1006A8013 /* Resources */ = {
			isa = PBXResourcesBuildPhase;
			buildActionMask = 2147483647;
			files = (
			);
			runOnlyForDeploymentPostprocessing = 0;
		};
/* End PBXResourcesBuildPhase section */

/* Begin PBXSourcesBuildPhase section */
		80D2875528E3BCBE006A8013 /* Sources */ = {
			isa = PBXSourcesBuildPhase;
			buildActionMask = 2147483647;
			files = (
				80A8781228EA2AD9009BB6BF /* ArticleSectionService.swift in Sources */,
				8023A0D629049ABA00F4FFDC /* ArticleVideoView.swift in Sources */,
				8053DFDF290847390069EFC9 /* ContainerPageView.swift in Sources */,
				80BC03B92907148100B1164D /* ArticleSectionType.swift in Sources */,
				80D2875F28E3BCBF006A8013 /* HomePageView.swift in Sources */,
				80DF921A28F7438B00AA847A /* ArticleImageDetailView.swift in Sources */,
				80BC23D328EBB0BF002C81C2 /* PlaceHolderData.swift in Sources */,
				8053DFE72909F65E0069EFC9 /* ArticleSearchResult.swift in Sources */,
				801C019428E514E300F9D6C7 /* TorrentFreakClient.swift in Sources */,
				80A8780E28EA233A009BB6BF /* ArticleSection.swift in Sources */,
				80A8781028EA2641009BB6BF /* ArticleViewModel.swift in Sources */,
				80D2878C28E3CA38006A8013 /* LeadingArticleView.swift in Sources */,
				80A8780528E9FD01009BB6BF /* LoadMoreView.swift in Sources */,
				80DF921828F7362800AA847A /* ArticleTableView.swift in Sources */,
				80DF921C28F7472D00AA847A /* ImageDetailPageView.swift in Sources */,
				80A8781E28EA3F3E009BB6BF /* ArticleSubHeaderView.swift in Sources */,
				8000084829077FE800119605 /* HomeContextMenuView.swift in Sources */,
				801C018F28E50F3F00F9D6C7 /* Article.swift in Sources */,
				80A8780728EA0240009BB6BF /* ArticlePageView.swift in Sources */,
				80D2875D28E3BCBF006A8013 /* TorrentFreakReaderApp.swift in Sources */,
				805127F12903A1F70054F4D9 /* ArticleTable.swift in Sources */,
				80DF921E28F7473F00AA847A /* ImageDetailViewModel.swift in Sources */,
				80A8782028EA44DF009BB6BF /* ArticleImageView.swift in Sources */,
				801C019728E5220400F9D6C7 /* ArticleService.swift in Sources */,
				801C018928E505B900F9D6C7 /* ArticleView.swift in Sources */,
				8053DFE3290895630069EFC9 /* SearchViewModel.swift in Sources */,
				8053DFE92909FEAF0069EFC9 /* SavedPageView.swift in Sources */,
				801C018B28E50A5000F9D6C7 /* CategoryView.swift in Sources */,
				8053DFE1290847BC0069EFC9 /* SearchPageView.swift in Sources */,
				80A8781A28EA3EEF009BB6BF /* ArticleExcerptView.swift in Sources */,
				80A8780A28EA183B009BB6BF /* ArticleTitleView.swift in Sources */,
				80A8781C28EA3F16009BB6BF /* ArticleContentView.swift in Sources */,
				801C019128E5113800F9D6C7 /* HomeViewModel.swift in Sources */,
			);
			runOnlyForDeploymentPostprocessing = 0;
		};
		80D2876528E3BCC1006A8013 /* Sources */ = {
			isa = PBXSourcesBuildPhase;
			buildActionMask = 2147483647;
			files = (
				80D2876E28E3BCC1006A8013 /* TorrentFreak_ReaderTests.swift in Sources */,
			);
			runOnlyForDeploymentPostprocessing = 0;
		};
		80D2876F28E3BCC1006A8013 /* Sources */ = {
			isa = PBXSourcesBuildPhase;
			buildActionMask = 2147483647;
			files = (
				80D2877A28E3BCC1006A8013 /* TorrentFreak_ReaderUITestsLaunchTests.swift in Sources */,
				80D2877828E3BCC1006A8013 /* TorrentFreak_ReaderUITests.swift in Sources */,
			);
			runOnlyForDeploymentPostprocessing = 0;
		};
/* End PBXSourcesBuildPhase section */

/* Begin PBXTargetDependency section */
		80D2876B28E3BCC1006A8013 /* PBXTargetDependency */ = {
			isa = PBXTargetDependency;
			target = 80D2875828E3BCBE006A8013 /* TorrentFreak Reader */;
			targetProxy = 80D2876A28E3BCC1006A8013 /* PBXContainerItemProxy */;
		};
		80D2877528E3BCC1006A8013 /* PBXTargetDependency */ = {
			isa = PBXTargetDependency;
			target = 80D2875828E3BCBE006A8013 /* TorrentFreak Reader */;
			targetProxy = 80D2877428E3BCC1006A8013 /* PBXContainerItemProxy */;
		};
/* End PBXTargetDependency section */

/* Begin XCBuildConfiguration section */
		80D2877B28E3BCC1006A8013 /* Debug */ = {
			isa = XCBuildConfiguration;
			buildSettings = {
				ALWAYS_SEARCH_USER_PATHS = NO;
				CLANG_ANALYZER_NONNULL = YES;
				CLANG_ANALYZER_NUMBER_OBJECT_CONVERSION = YES_AGGRESSIVE;
				CLANG_CXX_LANGUAGE_STANDARD = "gnu++20";
				CLANG_ENABLE_MODULES = YES;
				CLANG_ENABLE_OBJC_ARC = YES;
				CLANG_ENABLE_OBJC_WEAK = YES;
				CLANG_WARN_BLOCK_CAPTURE_AUTORELEASING = YES;
				CLANG_WARN_BOOL_CONVERSION = YES;
				CLANG_WARN_COMMA = YES;
				CLANG_WARN_CONSTANT_CONVERSION = YES;
				CLANG_WARN_DEPRECATED_OBJC_IMPLEMENTATIONS = YES;
				CLANG_WARN_DIRECT_OBJC_ISA_USAGE = YES_ERROR;
				CLANG_WARN_DOCUMENTATION_COMMENTS = YES;
				CLANG_WARN_EMPTY_BODY = YES;
				CLANG_WARN_ENUM_CONVERSION = YES;
				CLANG_WARN_INFINITE_RECURSION = YES;
				CLANG_WARN_INT_CONVERSION = YES;
				CLANG_WARN_NON_LITERAL_NULL_CONVERSION = YES;
				CLANG_WARN_OBJC_IMPLICIT_RETAIN_SELF = YES;
				CLANG_WARN_OBJC_LITERAL_CONVERSION = YES;
				CLANG_WARN_OBJC_ROOT_CLASS = YES_ERROR;
				CLANG_WARN_QUOTED_INCLUDE_IN_FRAMEWORK_HEADER = YES;
				CLANG_WARN_RANGE_LOOP_ANALYSIS = YES;
				CLANG_WARN_STRICT_PROTOTYPES = YES;
				CLANG_WARN_SUSPICIOUS_MOVE = YES;
				CLANG_WARN_UNGUARDED_AVAILABILITY = YES_AGGRESSIVE;
				CLANG_WARN_UNREACHABLE_CODE = YES;
				CLANG_WARN__DUPLICATE_METHOD_MATCH = YES;
				COPY_PHASE_STRIP = NO;
				DEBUG_INFORMATION_FORMAT = dwarf;
				ENABLE_STRICT_OBJC_MSGSEND = YES;
				ENABLE_TESTABILITY = YES;
				GCC_C_LANGUAGE_STANDARD = gnu11;
				GCC_DYNAMIC_NO_PIC = NO;
				GCC_NO_COMMON_BLOCKS = YES;
				GCC_OPTIMIZATION_LEVEL = 0;
				GCC_PREPROCESSOR_DEFINITIONS = (
					"DEBUG=1",
					"$(inherited)",
				);
				GCC_WARN_64_TO_32_BIT_CONVERSION = YES;
				GCC_WARN_ABOUT_RETURN_TYPE = YES_ERROR;
				GCC_WARN_UNDECLARED_SELECTOR = YES;
				GCC_WARN_UNINITIALIZED_AUTOS = YES_AGGRESSIVE;
				GCC_WARN_UNUSED_FUNCTION = YES;
				GCC_WARN_UNUSED_VARIABLE = YES;
				IPHONEOS_DEPLOYMENT_TARGET = 16.0;
				MTL_ENABLE_DEBUG_INFO = INCLUDE_SOURCE;
				MTL_FAST_MATH = YES;
				ONLY_ACTIVE_ARCH = YES;
				SDKROOT = iphoneos;
				SWIFT_ACTIVE_COMPILATION_CONDITIONS = DEBUG;
				SWIFT_OPTIMIZATION_LEVEL = "-Onone";
			};
			name = Debug;
		};
		80D2877C28E3BCC1006A8013 /* Release */ = {
			isa = XCBuildConfiguration;
			buildSettings = {
				ALWAYS_SEARCH_USER_PATHS = NO;
				CLANG_ANALYZER_NONNULL = YES;
				CLANG_ANALYZER_NUMBER_OBJECT_CONVERSION = YES_AGGRESSIVE;
				CLANG_CXX_LANGUAGE_STANDARD = "gnu++20";
				CLANG_ENABLE_MODULES = YES;
				CLANG_ENABLE_OBJC_ARC = YES;
				CLANG_ENABLE_OBJC_WEAK = YES;
				CLANG_WARN_BLOCK_CAPTURE_AUTORELEASING = YES;
				CLANG_WARN_BOOL_CONVERSION = YES;
				CLANG_WARN_COMMA = YES;
				CLANG_WARN_CONSTANT_CONVERSION = YES;
				CLANG_WARN_DEPRECATED_OBJC_IMPLEMENTATIONS = YES;
				CLANG_WARN_DIRECT_OBJC_ISA_USAGE = YES_ERROR;
				CLANG_WARN_DOCUMENTATION_COMMENTS = YES;
				CLANG_WARN_EMPTY_BODY = YES;
				CLANG_WARN_ENUM_CONVERSION = YES;
				CLANG_WARN_INFINITE_RECURSION = YES;
				CLANG_WARN_INT_CONVERSION = YES;
				CLANG_WARN_NON_LITERAL_NULL_CONVERSION = YES;
				CLANG_WARN_OBJC_IMPLICIT_RETAIN_SELF = YES;
				CLANG_WARN_OBJC_LITERAL_CONVERSION = YES;
				CLANG_WARN_OBJC_ROOT_CLASS = YES_ERROR;
				CLANG_WARN_QUOTED_INCLUDE_IN_FRAMEWORK_HEADER = YES;
				CLANG_WARN_RANGE_LOOP_ANALYSIS = YES;
				CLANG_WARN_STRICT_PROTOTYPES = YES;
				CLANG_WARN_SUSPICIOUS_MOVE = YES;
				CLANG_WARN_UNGUARDED_AVAILABILITY = YES_AGGRESSIVE;
				CLANG_WARN_UNREACHABLE_CODE = YES;
				CLANG_WARN__DUPLICATE_METHOD_MATCH = YES;
				COPY_PHASE_STRIP = NO;
				DEBUG_INFORMATION_FORMAT = "dwarf-with-dsym";
				ENABLE_NS_ASSERTIONS = NO;
				ENABLE_STRICT_OBJC_MSGSEND = YES;
				GCC_C_LANGUAGE_STANDARD = gnu11;
				GCC_NO_COMMON_BLOCKS = YES;
				GCC_WARN_64_TO_32_BIT_CONVERSION = YES;
				GCC_WARN_ABOUT_RETURN_TYPE = YES_ERROR;
				GCC_WARN_UNDECLARED_SELECTOR = YES;
				GCC_WARN_UNINITIALIZED_AUTOS = YES_AGGRESSIVE;
				GCC_WARN_UNUSED_FUNCTION = YES;
				GCC_WARN_UNUSED_VARIABLE = YES;
				IPHONEOS_DEPLOYMENT_TARGET = 16.0;
				MTL_ENABLE_DEBUG_INFO = NO;
				MTL_FAST_MATH = YES;
				SDKROOT = iphoneos;
				SWIFT_COMPILATION_MODE = wholemodule;
				SWIFT_OPTIMIZATION_LEVEL = "-O";
				VALIDATE_PRODUCT = YES;
			};
			name = Release;
		};
		80D2877E28E3BCC1006A8013 /* Debug */ = {
			isa = XCBuildConfiguration;
			buildSettings = {
				ASSETCATALOG_COMPILER_APPICON_NAME = AppIcon;
				ASSETCATALOG_COMPILER_GLOBAL_ACCENT_COLOR_NAME = AccentColor;
				CODE_SIGN_STYLE = Automatic;
				CURRENT_PROJECT_VERSION = 1;
				DEVELOPMENT_ASSET_PATHS = "\"TorrentFreak Reader/Preview Content\"";
				DEVELOPMENT_TEAM = CY9HQHGW6J;
				ENABLE_PREVIEWS = YES;
				GENERATE_INFOPLIST_FILE = YES;
				INFOPLIST_KEY_CFBundleDisplayName = TorrentFreak;
				INFOPLIST_KEY_UIApplicationSceneManifest_Generation = YES;
				INFOPLIST_KEY_UIApplicationSupportsIndirectInputEvents = YES;
				INFOPLIST_KEY_UILaunchScreen_Generation = YES;
				INFOPLIST_KEY_UISupportedInterfaceOrientations_iPad = "UIInterfaceOrientationPortrait UIInterfaceOrientationPortraitUpsideDown UIInterfaceOrientationLandscapeLeft UIInterfaceOrientationLandscapeRight";
				INFOPLIST_KEY_UISupportedInterfaceOrientations_iPhone = "UIInterfaceOrientationPortrait UIInterfaceOrientationLandscapeLeft UIInterfaceOrientationLandscapeRight";
				LD_RUNPATH_SEARCH_PATHS = (
					"$(inherited)",
					"@executable_path/Frameworks",
				);
				MARKETING_VERSION = 1.0;
				PRODUCT_BUNDLE_IDENTIFIER = com.pmadel.torrentfreak;
				PRODUCT_NAME = "$(TARGET_NAME)";
				SWIFT_EMIT_LOC_STRINGS = YES;
				SWIFT_VERSION = 5.0;
				TARGETED_DEVICE_FAMILY = "1,2";
			};
			name = Debug;
		};
		80D2877F28E3BCC1006A8013 /* Release */ = {
			isa = XCBuildConfiguration;
			buildSettings = {
				ASSETCATALOG_COMPILER_APPICON_NAME = AppIcon;
				ASSETCATALOG_COMPILER_GLOBAL_ACCENT_COLOR_NAME = AccentColor;
				CODE_SIGN_STYLE = Automatic;
				CURRENT_PROJECT_VERSION = 1;
				DEVELOPMENT_ASSET_PATHS = "\"TorrentFreak Reader/Preview Content\"";
				DEVELOPMENT_TEAM = CY9HQHGW6J;
				ENABLE_PREVIEWS = YES;
				GENERATE_INFOPLIST_FILE = YES;
				INFOPLIST_KEY_CFBundleDisplayName = TorrentFreak;
				INFOPLIST_KEY_UIApplicationSceneManifest_Generation = YES;
				INFOPLIST_KEY_UIApplicationSupportsIndirectInputEvents = YES;
				INFOPLIST_KEY_UILaunchScreen_Generation = YES;
				INFOPLIST_KEY_UISupportedInterfaceOrientations_iPad = "UIInterfaceOrientationPortrait UIInterfaceOrientationPortraitUpsideDown UIInterfaceOrientationLandscapeLeft UIInterfaceOrientationLandscapeRight";
				INFOPLIST_KEY_UISupportedInterfaceOrientations_iPhone = "UIInterfaceOrientationPortrait UIInterfaceOrientationLandscapeLeft UIInterfaceOrientationLandscapeRight";
				LD_RUNPATH_SEARCH_PATHS = (
					"$(inherited)",
					"@executable_path/Frameworks",
				);
				MARKETING_VERSION = 1.0;
				PRODUCT_BUNDLE_IDENTIFIER = com.pmadel.torrentfreak;
				PRODUCT_NAME = "$(TARGET_NAME)";
				SWIFT_EMIT_LOC_STRINGS = YES;
				SWIFT_VERSION = 5.0;
				TARGETED_DEVICE_FAMILY = "1,2";
			};
			name = Release;
		};
		80D2878128E3BCC1006A8013 /* Debug */ = {
			isa = XCBuildConfiguration;
			buildSettings = {
				ALWAYS_EMBED_SWIFT_STANDARD_LIBRARIES = YES;
				BUNDLE_LOADER = "$(TEST_HOST)";
				CODE_SIGN_STYLE = Automatic;
				CURRENT_PROJECT_VERSION = 1;
				DEVELOPMENT_TEAM = CY9HQHGW6J;
				GENERATE_INFOPLIST_FILE = YES;
				IPHONEOS_DEPLOYMENT_TARGET = 16.0;
				MARKETING_VERSION = 1.0;
				PRODUCT_BUNDLE_IDENTIFIER = "com.pmadel.TorrentFreak-ReaderTests";
				PRODUCT_NAME = "$(TARGET_NAME)";
				SWIFT_EMIT_LOC_STRINGS = NO;
				SWIFT_VERSION = 5.0;
				TARGETED_DEVICE_FAMILY = "1,2";
				TEST_HOST = "$(BUILT_PRODUCTS_DIR)/TorrentFreak Reader.app/$(BUNDLE_EXECUTABLE_FOLDER_PATH)/TorrentFreak Reader";
			};
			name = Debug;
		};
		80D2878228E3BCC1006A8013 /* Release */ = {
			isa = XCBuildConfiguration;
			buildSettings = {
				ALWAYS_EMBED_SWIFT_STANDARD_LIBRARIES = YES;
				BUNDLE_LOADER = "$(TEST_HOST)";
				CODE_SIGN_STYLE = Automatic;
				CURRENT_PROJECT_VERSION = 1;
				DEVELOPMENT_TEAM = CY9HQHGW6J;
				GENERATE_INFOPLIST_FILE = YES;
				IPHONEOS_DEPLOYMENT_TARGET = 16.0;
				MARKETING_VERSION = 1.0;
				PRODUCT_BUNDLE_IDENTIFIER = "com.pmadel.TorrentFreak-ReaderTests";
				PRODUCT_NAME = "$(TARGET_NAME)";
				SWIFT_EMIT_LOC_STRINGS = NO;
				SWIFT_VERSION = 5.0;
				TARGETED_DEVICE_FAMILY = "1,2";
				TEST_HOST = "$(BUILT_PRODUCTS_DIR)/TorrentFreak Reader.app/$(BUNDLE_EXECUTABLE_FOLDER_PATH)/TorrentFreak Reader";
			};
			name = Release;
		};
		80D2878428E3BCC1006A8013 /* Debug */ = {
			isa = XCBuildConfiguration;
			buildSettings = {
				ALWAYS_EMBED_SWIFT_STANDARD_LIBRARIES = YES;
				CODE_SIGN_STYLE = Automatic;
				CURRENT_PROJECT_VERSION = 1;
				DEVELOPMENT_TEAM = CY9HQHGW6J;
				GENERATE_INFOPLIST_FILE = YES;
				MARKETING_VERSION = 1.0;
				PRODUCT_BUNDLE_IDENTIFIER = "com.pmadel.TorrentFreak-ReaderUITests";
				PRODUCT_NAME = "$(TARGET_NAME)";
				SWIFT_EMIT_LOC_STRINGS = NO;
				SWIFT_VERSION = 5.0;
				TARGETED_DEVICE_FAMILY = "1,2";
				TEST_TARGET_NAME = "TorrentFreak Reader";
			};
			name = Debug;
		};
		80D2878528E3BCC1006A8013 /* Release */ = {
			isa = XCBuildConfiguration;
			buildSettings = {
				ALWAYS_EMBED_SWIFT_STANDARD_LIBRARIES = YES;
				CODE_SIGN_STYLE = Automatic;
				CURRENT_PROJECT_VERSION = 1;
				DEVELOPMENT_TEAM = CY9HQHGW6J;
				GENERATE_INFOPLIST_FILE = YES;
				MARKETING_VERSION = 1.0;
				PRODUCT_BUNDLE_IDENTIFIER = "com.pmadel.TorrentFreak-ReaderUITests";
				PRODUCT_NAME = "$(TARGET_NAME)";
				SWIFT_EMIT_LOC_STRINGS = NO;
				SWIFT_VERSION = 5.0;
				TARGETED_DEVICE_FAMILY = "1,2";
				TEST_TARGET_NAME = "TorrentFreak Reader";
			};
			name = Release;
		};
/* End XCBuildConfiguration section */

/* Begin XCConfigurationList section */
		80D2875428E3BCBE006A8013 /* Build configuration list for PBXProject "TorrentFreak Reader" */ = {
			isa = XCConfigurationList;
			buildConfigurations = (
				80D2877B28E3BCC1006A8013 /* Debug */,
				80D2877C28E3BCC1006A8013 /* Release */,
			);
			defaultConfigurationIsVisible = 0;
			defaultConfigurationName = Release;
		};
		80D2877D28E3BCC1006A8013 /* Build configuration list for PBXNativeTarget "TorrentFreak Reader" */ = {
			isa = XCConfigurationList;
			buildConfigurations = (
				80D2877E28E3BCC1006A8013 /* Debug */,
				80D2877F28E3BCC1006A8013 /* Release */,
			);
			defaultConfigurationIsVisible = 0;
			defaultConfigurationName = Release;
		};
		80D2878028E3BCC1006A8013 /* Build configuration list for PBXNativeTarget "TorrentFreak ReaderTests" */ = {
			isa = XCConfigurationList;
			buildConfigurations = (
				80D2878128E3BCC1006A8013 /* Debug */,
				80D2878228E3BCC1006A8013 /* Release */,
			);
			defaultConfigurationIsVisible = 0;
			defaultConfigurationName = Release;
		};
		80D2878328E3BCC1006A8013 /* Build configuration list for PBXNativeTarget "TorrentFreak ReaderUITests" */ = {
			isa = XCConfigurationList;
			buildConfigurations = (
				80D2878428E3BCC1006A8013 /* Debug */,
				80D2878528E3BCC1006A8013 /* Release */,
			);
			defaultConfigurationIsVisible = 0;
			defaultConfigurationName = Release;
		};
/* End XCConfigurationList section */

/* Begin XCRemoteSwiftPackageReference section */
		801C019828E525A000F9D6C7 /* XCRemoteSwiftPackageReference "Fuzi" */ = {
			isa = XCRemoteSwiftPackageReference;
			repositoryURL = "https://github.com/cezheng/Fuzi";
			requirement = {
				kind = upToNextMajorVersion;
				minimumVersion = 3.0.0;
			};
		};
		805424A928F0FE99005F93D3 /* XCRemoteSwiftPackageReference "SDWebImageSwiftUI" */ = {
			isa = XCRemoteSwiftPackageReference;
			repositoryURL = "https://github.com/SDWebImage/SDWebImageSwiftUI.git";
			requirement = {
				kind = upToNextMajorVersion;
				minimumVersion = 2.0.0;
			};
		};
/* End XCRemoteSwiftPackageReference section */

/* Begin XCSwiftPackageProductDependency section */
		801C019928E525A000F9D6C7 /* Fuzi */ = {
			isa = XCSwiftPackageProductDependency;
			package = 801C019828E525A000F9D6C7 /* XCRemoteSwiftPackageReference "Fuzi" */;
			productName = Fuzi;
		};
		805424AA28F0FE99005F93D3 /* SDWebImageSwiftUI */ = {
			isa = XCSwiftPackageProductDependency;
			package = 805424A928F0FE99005F93D3 /* XCRemoteSwiftPackageReference "SDWebImageSwiftUI" */;
			productName = SDWebImageSwiftUI;
		};
/* End XCSwiftPackageProductDependency section */
	};
	rootObject = 80D2875128E3BCBE006A8013 /* Project object */;
}
